
Microsoft Visual Studio Solution File, Format Version 12.00
# Visual Studio Version 17
VisualStudioVersion = 17.11.35303.130
MinimumVisualStudioVersion = 10.0.40219.1
Project("{FAE04EC0-301F-11D3-BF4B-00C04F79EFBC}") = "AaBbAb", "AaBbAb\AaBbAb.csproj", "{CEA0DE2A-8515-4BDF-90DC-CE52CCD7DCCE}"
EndProject
Global
	GlobalSection(SolutionConfigurationPlatforms) = preSolution
		Debug|Any CPU = Debug|Any CPU
		Release|Any CPU = Release|Any CPU
	EndGlobalSection
	GlobalSection(ProjectConfigurationPlatforms) = postSolution
		{CEA0DE2A-8515-4BDF-90DC-CE52CCD7DCCE}.Debug|Any CPU.ActiveCfg = Debug|Any CPU
		{CEA0DE2A-8515-4BDF-90DC-CE52CCD7DCCE}.Debug|Any CPU.Build.0 = Debug|Any CPU
		{CEA0DE2A-8515-4BDF-90DC-CE52CCD7DCCE}.Release|Any CPU.ActiveCfg = Release|Any CPU
		{CEA0DE2A-8515-4BDF-90DC-CE52CCD7DCCE}.Release|Any CPU.Build.0 = Release|Any CPU
	EndGlobalSection
	GlobalSection(SolutionProperties) = preSolution
		HideSolutionNode = FALSE
	EndGlobalSection
	GlobalSection(ExtensibilityGlobals) = postSolution
		SolutionGuid = {B761ABB5-66C1-4DD1-9D2C-59FDFB8D8CC5}
	EndGlobalSection
EndGlobal
